// !$*UTF8*$!
{
	archiveVersion = 1;
	classes = {
	};
	objectVersion = 55;
	objects = {

/* Begin PBXBuildFile section */
		592424AAD611662D3368E6A4 /* Pods_RxSwift_First.framework in Frameworks */ = {isa = PBXBuildFile; fileRef = 2F4324EFB3B9C5810864DBBD /* Pods_RxSwift_First.framework */; };
		F2EDAD4A2826B83300EE1920 /* AppDelegate.swift in Sources */ = {isa = PBXBuildFile; fileRef = F2EDAD492826B83300EE1920 /* AppDelegate.swift */; };
		F2EDAD4C2826B83300EE1920 /* SceneDelegate.swift in Sources */ = {isa = PBXBuildFile; fileRef = F2EDAD4B2826B83300EE1920 /* SceneDelegate.swift */; };
		F2EDAD4E2826B83300EE1920 /* ViewController.swift in Sources */ = {isa = PBXBuildFile; fileRef = F2EDAD4D2826B83300EE1920 /* ViewController.swift */; };
		F2EDAD512826B83300EE1920 /* Main.storyboard in Resources */ = {isa = PBXBuildFile; fileRef = F2EDAD4F2826B83300EE1920 /* Main.storyboard */; };
		F2EDAD542826B83300EE1920 /* RxSwift_First.xcdatamodeld in Sources */ = {isa = PBXBuildFile; fileRef = F2EDAD522826B83300EE1920 /* RxSwift_First.xcdatamodeld */; };
		F2EDAD562826B83600EE1920 /* Assets.xcassets in Resources */ = {isa = PBXBuildFile; fileRef = F2EDAD552826B83600EE1920 /* Assets.xcassets */; };
		F2EDAD592826B83600EE1920 /* LaunchScreen.storyboard in Resources */ = {isa = PBXBuildFile; fileRef = F2EDAD572826B83600EE1920 /* LaunchScreen.storyboard */; };
/* End PBXBuildFile section */

/* Begin PBXFileReference section */
		2F4324EFB3B9C5810864DBBD /* Pods_RxSwift_First.framework */ = {isa = PBXFileReference; explicitFileType = wrapper.framework; includeInIndex = 0; path = Pods_RxSwift_First.framework; sourceTree = BUILT_PRODUCTS_DIR; };
		56AEE1024212DF0336429F14 /* Pods-RxSwift_First.debug.xcconfig */ = {isa = PBXFileReference; includeInIndex = 1; lastKnownFileType = text.xcconfig; name = "Pods-RxSwift_First.debug.xcconfig"; path = "Target Support Files/Pods-RxSwift_First/Pods-RxSwift_First.debug.xcconfig"; sourceTree = "<group>"; };
		93B381A22831DAE700EF2FDC /* flatMapFirst.playground */ = {isa = PBXFileReference; lastKnownFileType = file.playground; path = flatMapFirst.playground; sourceTree = "<group>"; xcLanguageSpecificationIdentifier = xcode.lang.swift; };
		93B381A32831E26B00EF2FDC /* faltMapLatest.playground */ = {isa = PBXFileReference; lastKnownFileType = file.playground; path = faltMapLatest.playground; sourceTree = "<group>"; xcLanguageSpecificationIdentifier = xcode.lang.swift; };
		93B381A42831EE6E00EF2FDC /* concat.playground */ = {isa = PBXFileReference; lastKnownFileType = file.playground; path = concat.playground; sourceTree = "<group>"; xcLanguageSpecificationIdentifier = xcode.lang.swift; };
		93E87C152831F331006B5301 /* scan.playground */ = {isa = PBXFileReference; lastKnownFileType = file.playground; path = scan.playground; sourceTree = "<group>"; xcLanguageSpecificationIdentifier = xcode.lang.swift; };
		93E87C162831F4B7006B5301 /* buffer.playground */ = {isa = PBXFileReference; lastKnownFileType = file.playground; path = buffer.playground; sourceTree = "<group>"; xcLanguageSpecificationIdentifier = xcode.lang.swift; };
		CEF971AD32796C3E91AA8FAF /* Pods-RxSwift_First.release.xcconfig */ = {isa = PBXFileReference; includeInIndex = 1; lastKnownFileType = text.xcconfig; name = "Pods-RxSwift_First.release.xcconfig"; path = "Target Support Files/Pods-RxSwift_First/Pods-RxSwift_First.release.xcconfig"; sourceTree = "<group>"; };
		F210189A28276C4100447C74 /* Obsevable.playground */ = {isa = PBXFileReference; lastKnownFileType = file.playground; path = Obsevable.playground; sourceTree = "<group>"; xcLanguageSpecificationIdentifier = xcode.lang.swift; };
		F210189B2827700B00447C74 /* infallible.playground */ = {isa = PBXFileReference; lastKnownFileType = file.playground; path = infallible.playground; sourceTree = "<group>"; xcLanguageSpecificationIdentifier = xcode.lang.swift; };
		F21EA56828293A3C000403C8 /* BehaviorSubject.playground */ = {isa = PBXFileReference; lastKnownFileType = file.playground; path = BehaviorSubject.playground; sourceTree = "<group>"; xcLanguageSpecificationIdentifier = xcode.lang.swift; };
		F21EA56928293BFA000403C8 /* ReplaySubject.playground */ = {isa = PBXFileReference; lastKnownFileType = file.playground; path = ReplaySubject.playground; sourceTree = "<group>"; xcLanguageSpecificationIdentifier = xcode.lang.swift; };
		F21EA56A28293F64000403C8 /* AsyncSubject.playground */ = {isa = PBXFileReference; lastKnownFileType = file.playground; path = AsyncSubject.playground; sourceTree = "<group>"; xcLanguageSpecificationIdentifier = xcode.lang.swift; };
		F21EA56B28294131000403C8 /* Relays_RxSwift5.playground */ = {isa = PBXFileReference; lastKnownFileType = file.playground; path = Relays_RxSwift5.playground; sourceTree = "<group>"; xcLanguageSpecificationIdentifier = xcode.lang.swift; };
		F221990628280C9F006E17C4 /* PublishSubject.playground */ = {isa = PBXFileReference; lastKnownFileType = file.playground; path = PublishSubject.playground; sourceTree = "<group>"; xcLanguageSpecificationIdentifier = xcode.lang.swift; };
		F27BE9422831346200D480D8 /* toArray.playground */ = {isa = PBXFileReference; lastKnownFileType = file.playground; path = toArray.playground; sourceTree = "<group>"; xcLanguageSpecificationIdentifier = xcode.lang.swift; };
		F27BE9432831358600D480D8 /* map.playground */ = {isa = PBXFileReference; lastKnownFileType = file.playground; path = map.playground; sourceTree = "<group>"; xcLanguageSpecificationIdentifier = xcode.lang.swift; };
		F27BE9442831366400D480D8 /* compactMap.playground */ = {isa = PBXFileReference; lastKnownFileType = file.playground; path = compactMap.playground; sourceTree = "<group>"; xcLanguageSpecificationIdentifier = xcode.lang.swift; };
		F27BE9452831386100D480D8 /* flatMap.playground */ = {isa = PBXFileReference; lastKnownFileType = file.playground; path = flatMap.playground; sourceTree = "<group>"; xcLanguageSpecificationIdentifier = xcode.lang.swift; };
		F27C1436282A7EE90024062F /* just.playground */ = {isa = PBXFileReference; lastKnownFileType = file.playground; path = just.playground; sourceTree = "<group>"; xcLanguageSpecificationIdentifier = xcode.lang.swift; };
		F27C1437282A7FFC0024062F /* of.playground */ = {isa = PBXFileReference; lastKnownFileType = file.playground; path = of.playground; sourceTree = "<group>"; xcLanguageSpecificationIdentifier = xcode.lang.swift; };
		F27C1438282A80EB0024062F /* from.playground */ = {isa = PBXFileReference; lastKnownFileType = file.playground; path = from.playground; sourceTree = "<group>"; xcLanguageSpecificationIdentifier = xcode.lang.swift; };
		F2832875282D2F33001060C2 /* range.playground */ = {isa = PBXFileReference; lastKnownFileType = file.playground; path = range.playground; sourceTree = "<group>"; xcLanguageSpecificationIdentifier = xcode.lang.swift; };
		F2832876282D2F9D001060C2 /* generate.playground */ = {isa = PBXFileReference; lastKnownFileType = file.playground; path = generate.playground; sourceTree = "<group>"; xcLanguageSpecificationIdentifier = xcode.lang.swift; };
		F2832877282D3612001060C2 /* repeatElement.playground */ = {isa = PBXFileReference; lastKnownFileType = file.playground; path = repeatElement.playground; sourceTree = "<group>"; xcLanguageSpecificationIdentifier = xcode.lang.swift; };
		F2832878282D418C001060C2 /* defurred.playground */ = {isa = PBXFileReference; lastKnownFileType = file.playground; path = defurred.playground; sourceTree = "<group>"; xcLanguageSpecificationIdentifier = xcode.lang.swift; };
		F2832879282D431A001060C2 /* create.playground */ = {isa = PBXFileReference; lastKnownFileType = file.playground; path = create.playground; sourceTree = "<group>"; xcLanguageSpecificationIdentifier = xcode.lang.swift; };
		F283287A282D4532001060C2 /* empty.playground */ = {isa = PBXFileReference; lastKnownFileType = file.playground; path = empty.playground; sourceTree = "<group>"; xcLanguageSpecificationIdentifier = xcode.lang.swift; };
		F283287B282D45C4001060C2 /* error.playground */ = {isa = PBXFileReference; lastKnownFileType = file.playground; path = error.playground; sourceTree = "<group>"; xcLanguageSpecificationIdentifier = xcode.lang.swift; };
		F2881EDE282771EB005C97A2 /* Disposable.playground */ = {isa = PBXFileReference; lastKnownFileType = file.playground; path = Disposable.playground; sourceTree = "<group>"; xcLanguageSpecificationIdentifier = xcode.lang.swift; };
		F2881EDF282775C7005C97A2 /* Operators.playground */ = {isa = PBXFileReference; lastKnownFileType = file.playground; path = Operators.playground; sourceTree = "<group>"; xcLanguageSpecificationIdentifier = xcode.lang.swift; };
		F2EDAD462826B83300EE1920 /* RxSwift_First.app */ = {isa = PBXFileReference; explicitFileType = wrapper.application; includeInIndex = 0; path = RxSwift_First.app; sourceTree = BUILT_PRODUCTS_DIR; };
		F2EDAD492826B83300EE1920 /* AppDelegate.swift */ = {isa = PBXFileReference; lastKnownFileType = sourcecode.swift; path = AppDelegate.swift; sourceTree = "<group>"; };
		F2EDAD4B2826B83300EE1920 /* SceneDelegate.swift */ = {isa = PBXFileReference; lastKnownFileType = sourcecode.swift; path = SceneDelegate.swift; sourceTree = "<group>"; };
		F2EDAD4D2826B83300EE1920 /* ViewController.swift */ = {isa = PBXFileReference; lastKnownFileType = sourcecode.swift; path = ViewController.swift; sourceTree = "<group>"; };
		F2EDAD502826B83300EE1920 /* Base */ = {isa = PBXFileReference; lastKnownFileType = file.storyboard; name = Base; path = Base.lproj/Main.storyboard; sourceTree = "<group>"; };
		F2EDAD532826B83300EE1920 /* RxSwift_First.xcdatamodel */ = {isa = PBXFileReference; lastKnownFileType = wrapper.xcdatamodel; path = RxSwift_First.xcdatamodel; sourceTree = "<group>"; };
		F2EDAD552826B83600EE1920 /* Assets.xcassets */ = {isa = PBXFileReference; lastKnownFileType = folder.assetcatalog; path = Assets.xcassets; sourceTree = "<group>"; };
		F2EDAD582826B83600EE1920 /* Base */ = {isa = PBXFileReference; lastKnownFileType = file.storyboard; name = Base; path = Base.lproj/LaunchScreen.storyboard; sourceTree = "<group>"; };
		F2EDAD5A2826B83600EE1920 /* Info.plist */ = {isa = PBXFileReference; lastKnownFileType = text.plist.xml; path = Info.plist; sourceTree = "<group>"; };
		F2EDAD612826B9D300EE1920 /* Hellow.playground */ = {isa = PBXFileReference; lastKnownFileType = file.playground; path = Hellow.playground; sourceTree = "<group>"; xcLanguageSpecificationIdentifier = xcode.lang.swift; };
		F2F384BB282F485D00E551CD /* IgnoreElements.playground */ = {isa = PBXFileReference; lastKnownFileType = file.playground; path = IgnoreElements.playground; sourceTree = "<group>"; xcLanguageSpecificationIdentifier = xcode.lang.swift; };
		F2F384BC282F4B9500E551CD /* elementsAt.playground */ = {isa = PBXFileReference; lastKnownFileType = file.playground; path = elementsAt.playground; sourceTree = "<group>"; xcLanguageSpecificationIdentifier = xcode.lang.swift; };
		F2F384BD282F4C3500E551CD /* filter.playground */ = {isa = PBXFileReference; lastKnownFileType = file.playground; path = filter.playground; sourceTree = "<group>"; xcLanguageSpecificationIdentifier = xcode.lang.swift; };
		F2F384BE282F4D0600E551CD /* skip.playground */ = {isa = PBXFileReference; lastKnownFileType = file.playground; path = skip.playground; sourceTree = "<group>"; xcLanguageSpecificationIdentifier = xcode.lang.swift; };
		F2F384BF282F56DD00E551CD /* skipWhile.playground */ = {isa = PBXFileReference; lastKnownFileType = file.playground; path = skipWhile.playground; sourceTree = "<group>"; xcLanguageSpecificationIdentifier = xcode.lang.swift; };
		F2F384C0282F5A6F00E551CD /* skipUntil.playground */ = {isa = PBXFileReference; lastKnownFileType = file.playground; path = skipUntil.playground; sourceTree = "<group>"; xcLanguageSpecificationIdentifier = xcode.lang.swift; };
		F2F384C1282F5BFA00E551CD /* skipDuration.playground */ = {isa = PBXFileReference; lastKnownFileType = file.playground; path = skipDuration.playground; sourceTree = "<group>"; xcLanguageSpecificationIdentifier = xcode.lang.swift; };
		F2F384C2282F926200E551CD /* take.playground */ = {isa = PBXFileReference; lastKnownFileType = file.playground; path = take.playground; sourceTree = "<group>"; xcLanguageSpecificationIdentifier = xcode.lang.swift; };
		F2F384C3282F92D700E551CD /* takeWhile.playground */ = {isa = PBXFileReference; lastKnownFileType = file.playground; path = takeWhile.playground; sourceTree = "<group>"; xcLanguageSpecificationIdentifier = xcode.lang.swift; };
		F2F384C4282F936300E551CD /* takeUntil.playground */ = {isa = PBXFileReference; lastKnownFileType = file.playground; path = takeUntil.playground; sourceTree = "<group>"; xcLanguageSpecificationIdentifier = xcode.lang.swift; };
		F2F384C5282F946600E551CD /* takeLast.playground */ = {isa = PBXFileReference; lastKnownFileType = file.playground; path = takeLast.playground; sourceTree = "<group>"; xcLanguageSpecificationIdentifier = xcode.lang.swift; };
		F2F384C6282F99DC00E551CD /* takeFor.playground */ = {isa = PBXFileReference; lastKnownFileType = file.playground; path = takeFor.playground; sourceTree = "<group>"; xcLanguageSpecificationIdentifier = xcode.lang.swift; };
		F2F384C7282F9AEE00E551CD /* single.playground */ = {isa = PBXFileReference; lastKnownFileType = file.playground; path = single.playground; sourceTree = "<group>"; xcLanguageSpecificationIdentifier = xcode.lang.swift; };
		F2F384C8282F9CA500E551CD /* distinctUntilChanged.playground */ = {isa = PBXFileReference; lastKnownFileType = file.playground; path = distinctUntilChanged.playground; sourceTree = "<group>"; xcLanguageSpecificationIdentifier = xcode.lang.swift; };
		F2F384C9282FA02700E551CD /* debounce.playground */ = {isa = PBXFileReference; lastKnownFileType = file.playground; path = debounce.playground; sourceTree = "<group>"; xcLanguageSpecificationIdentifier = xcode.lang.swift; };
		F2F384CA282FA74400E551CD /* throttle.playground */ = {isa = PBXFileReference; lastKnownFileType = file.playground; path = throttle.playground; sourceTree = "<group>"; xcLanguageSpecificationIdentifier = xcode.lang.swift; };
/* End PBXFileReference section */

/* Begin PBXFrameworksBuildPhase section */
		F2EDAD432826B83300EE1920 /* Frameworks */ = {
			isa = PBXFrameworksBuildPhase;
			buildActionMask = 2147483647;
			files = (
				592424AAD611662D3368E6A4 /* Pods_RxSwift_First.framework in Frameworks */,
			);
			runOnlyForDeploymentPostprocessing = 0;
		};
/* End PBXFrameworksBuildPhase section */

/* Begin PBXGroup section */
		17536F8284B0F58AC6DE61FB /* Frameworks */ = {
			isa = PBXGroup;
			children = (
				2F4324EFB3B9C5810864DBBD /* Pods_RxSwift_First.framework */,
			);
			name = Frameworks;
			sourceTree = "<group>";
		};
		39CAAFBEBC0D6FB9333345A3 /* Pods */ = {
			isa = PBXGroup;
			children = (
				56AEE1024212DF0336429F14 /* Pods-RxSwift_First.debug.xcconfig */,
				CEF971AD32796C3E91AA8FAF /* Pods-RxSwift_First.release.xcconfig */,
			);
			path = Pods;
			sourceTree = "<group>";
		};
		93B381A52831F27100EF2FDC /* CombiningOperators */ = {
			isa = PBXGroup;
			children = (
				93B381A42831EE6E00EF2FDC /* concat.playground */,
			);
			path = CombiningOperators;
			sourceTree = "<group>";
		};
		F210189928276C1200447C74 /* RxWorks */ = {
			isa = PBXGroup;
			children = (
				F210189A28276C4100447C74 /* Obsevable.playground */,
				F210189B2827700B00447C74 /* infallible.playground */,
				F2881EDE282771EB005C97A2 /* Disposable.playground */,
				F2881EDF282775C7005C97A2 /* Operators.playground */,
			);
			path = RxWorks;
			sourceTree = "<group>";
		};
		F221990528280C7C006E17C4 /* Subjects */ = {
			isa = PBXGroup;
			children = (
				F221990628280C9F006E17C4 /* PublishSubject.playground */,
				F21EA56828293A3C000403C8 /* BehaviorSubject.playground */,
				F21EA56928293BFA000403C8 /* ReplaySubject.playground */,
				F21EA56A28293F64000403C8 /* AsyncSubject.playground */,
				F21EA56B28294131000403C8 /* Relays_RxSwift5.playground */,
			);
			path = Subjects;
			sourceTree = "<group>";
		};
		F27BE9412831343E00D480D8 /* TransformingOperators */ = {
			isa = PBXGroup;
			children = (
				F27BE9422831346200D480D8 /* toArray.playground */,
				F27BE9432831358600D480D8 /* map.playground */,
				F27BE9442831366400D480D8 /* compactMap.playground */,
				F27BE9452831386100D480D8 /* flatMap.playground */,
				93B381A22831DAE700EF2FDC /* flatMapFirst.playground */,
				93B381A32831E26B00EF2FDC /* faltMapLatest.playground */,
				93E87C152831F331006B5301 /* scan.playground */,
				93E87C162831F4B7006B5301 /* buffer.playground */,
			);
			path = TransformingOperators;
			sourceTree = "<group>";
		};
		F27C1435282A7EBC0024062F /* CreatingOperators */ = {
			isa = PBXGroup;
			children = (
				F27C1436282A7EE90024062F /* just.playground */,
				F27C1437282A7FFC0024062F /* of.playground */,
				F27C1438282A80EB0024062F /* from.playground */,
				F2832875282D2F33001060C2 /* range.playground */,
				F2832876282D2F9D001060C2 /* generate.playground */,
				F2832877282D3612001060C2 /* repeatElement.playground */,
				F2832878282D418C001060C2 /* defurred.playground */,
				F2832879282D431A001060C2 /* create.playground */,
				F283287A282D4532001060C2 /* empty.playground */,
				F283287B282D45C4001060C2 /* error.playground */,
			);
			path = CreatingOperators;
			sourceTree = "<group>";
		};
		F2EDAD3D2826B83300EE1920 = {
			isa = PBXGroup;
			children = (
				93B381A52831F27100EF2FDC /* CombiningOperators */,
				F27BE9412831343E00D480D8 /* TransformingOperators */,
				F2F384BA282F482500E551CD /* FilteringOperators */,
				F27C1435282A7EBC0024062F /* CreatingOperators */,
				F2EDAD602826B9B200EE1920 /* Hellow */,
				F210189928276C1200447C74 /* RxWorks */,
				F221990528280C7C006E17C4 /* Subjects */,
				F2EDAD482826B83300EE1920 /* RxSwift_First */,
				F2EDAD472826B83300EE1920 /* Products */,
				39CAAFBEBC0D6FB9333345A3 /* Pods */,
				17536F8284B0F58AC6DE61FB /* Frameworks */,
			);
			sourceTree = "<group>";
		};
		F2EDAD472826B83300EE1920 /* Products */ = {
			isa = PBXGroup;
			children = (
				F2EDAD462826B83300EE1920 /* RxSwift_First.app */,
			);
			name = Products;
			sourceTree = "<group>";
		};
		F2EDAD482826B83300EE1920 /* RxSwift_First */ = {
			isa = PBXGroup;
			children = (
				F2EDAD492826B83300EE1920 /* AppDelegate.swift */,
				F2EDAD4B2826B83300EE1920 /* SceneDelegate.swift */,
				F2EDAD4D2826B83300EE1920 /* ViewController.swift */,
				F2EDAD4F2826B83300EE1920 /* Main.storyboard */,
				F2EDAD552826B83600EE1920 /* Assets.xcassets */,
				F2EDAD572826B83600EE1920 /* LaunchScreen.storyboard */,
				F2EDAD5A2826B83600EE1920 /* Info.plist */,
				F2EDAD522826B83300EE1920 /* RxSwift_First.xcdatamodeld */,
			);
			path = RxSwift_First;
			sourceTree = "<group>";
		};
		F2EDAD602826B9B200EE1920 /* Hellow */ = {
			isa = PBXGroup;
			children = (
				F2EDAD612826B9D300EE1920 /* Hellow.playground */,
			);
			path = Hellow;
			sourceTree = "<group>";
		};
		F2F384BA282F482500E551CD /* FilteringOperators */ = {
			isa = PBXGroup;
			children = (
				F2F384BB282F485D00E551CD /* IgnoreElements.playground */,
				F2F384BC282F4B9500E551CD /* elementsAt.playground */,
				F2F384BD282F4C3500E551CD /* filter.playground */,
				F2F384BE282F4D0600E551CD /* skip.playground */,
				F2F384BF282F56DD00E551CD /* skipWhile.playground */,
				F2F384C0282F5A6F00E551CD /* skipUntil.playground */,
				F2F384C1282F5BFA00E551CD /* skipDuration.playground */,
				F2F384C2282F926200E551CD /* take.playground */,
				F2F384C3282F92D700E551CD /* takeWhile.playground */,
				F2F384C4282F936300E551CD /* takeUntil.playground */,
				F2F384C5282F946600E551CD /* takeLast.playground */,
				F2F384C6282F99DC00E551CD /* takeFor.playground */,
				F2F384C7282F9AEE00E551CD /* single.playground */,
				F2F384C8282F9CA500E551CD /* distinctUntilChanged.playground */,
				F2F384C9282FA02700E551CD /* debounce.playground */,
				F2F384CA282FA74400E551CD /* throttle.playground */,
			);
			path = FilteringOperators;
			sourceTree = "<group>";
		};
/* End PBXGroup section */

/* Begin PBXNativeTarget section */
		F2EDAD452826B83300EE1920 /* RxSwift_First */ = {
			isa = PBXNativeTarget;
			buildConfigurationList = F2EDAD5D2826B83600EE1920 /* Build configuration list for PBXNativeTarget "RxSwift_First" */;
			buildPhases = (
				3DD8AA0A4FFAEDCC7A485681 /* [CP] Check Pods Manifest.lock */,
				F2EDAD422826B83300EE1920 /* Sources */,
				F2EDAD432826B83300EE1920 /* Frameworks */,
				F2EDAD442826B83300EE1920 /* Resources */,
				B15175A26D13921DAECB15A7 /* [CP] Embed Pods Frameworks */,
			);
			buildRules = (
			);
			dependencies = (
			);
			name = RxSwift_First;
			productName = RxSwift_First;
			productReference = F2EDAD462826B83300EE1920 /* RxSwift_First.app */;
			productType = "com.apple.product-type.application";
		};
/* End PBXNativeTarget section */

/* Begin PBXProject section */
		F2EDAD3E2826B83300EE1920 /* Project object */ = {
			isa = PBXProject;
			attributes = {
				BuildIndependentTargetsInParallel = 1;
				LastSwiftUpdateCheck = 1330;
				LastUpgradeCheck = 1330;
				TargetAttributes = {
					F2EDAD452826B83300EE1920 = {
						CreatedOnToolsVersion = 13.3.1;
					};
				};
			};
			buildConfigurationList = F2EDAD412826B83300EE1920 /* Build configuration list for PBXProject "RxSwift_First" */;
			compatibilityVersion = "Xcode 13.0";
			developmentRegion = en;
			hasScannedForEncodings = 0;
			knownRegions = (
				en,
				Base,
			);
			mainGroup = F2EDAD3D2826B83300EE1920;
			productRefGroup = F2EDAD472826B83300EE1920 /* Products */;
			projectDirPath = "";
			projectRoot = "";
			targets = (
				F2EDAD452826B83300EE1920 /* RxSwift_First */,
			);
		};
/* End PBXProject section */

/* Begin PBXResourcesBuildPhase section */
		F2EDAD442826B83300EE1920 /* Resources */ = {
			isa = PBXResourcesBuildPhase;
			buildActionMask = 2147483647;
			files = (
				F2EDAD592826B83600EE1920 /* LaunchScreen.storyboard in Resources */,
				F2EDAD562826B83600EE1920 /* Assets.xcassets in Resources */,
				F2EDAD512826B83300EE1920 /* Main.storyboard in Resources */,
			);
			runOnlyForDeploymentPostprocessing = 0;
		};
/* End PBXResourcesBuildPhase section */

/* Begin PBXShellScriptBuildPhase section */
		3DD8AA0A4FFAEDCC7A485681 /* [CP] Check Pods Manifest.lock */ = {
			isa = PBXShellScriptBuildPhase;
			buildActionMask = 2147483647;
			files = (
			);
			inputFileListPaths = (
			);
			inputPaths = (
				"${PODS_PODFILE_DIR_PATH}/Podfile.lock",
				"${PODS_ROOT}/Manifest.lock",
			);
			name = "[CP] Check Pods Manifest.lock";
			outputFileListPaths = (
			);
			outputPaths = (
				"$(DERIVED_FILE_DIR)/Pods-RxSwift_First-checkManifestLockResult.txt",
			);
			runOnlyForDeploymentPostprocessing = 0;
			shellPath = /bin/sh;
			shellScript = "diff \"${PODS_PODFILE_DIR_PATH}/Podfile.lock\" \"${PODS_ROOT}/Manifest.lock\" > /dev/null\nif [ $? != 0 ] ; then\n    # print error to STDERR\n    echo \"error: The sandbox is not in sync with the Podfile.lock. Run 'pod install' or update your CocoaPods installation.\" >&2\n    exit 1\nfi\n# This output is used by Xcode 'outputs' to avoid re-running this script phase.\necho \"SUCCESS\" > \"${SCRIPT_OUTPUT_FILE_0}\"\n";
			showEnvVarsInLog = 0;
		};
		B15175A26D13921DAECB15A7 /* [CP] Embed Pods Frameworks */ = {
			isa = PBXShellScriptBuildPhase;
			buildActionMask = 2147483647;
			files = (
			);
			inputFileListPaths = (
				"${PODS_ROOT}/Target Support Files/Pods-RxSwift_First/Pods-RxSwift_First-frameworks-${CONFIGURATION}-input-files.xcfilelist",
			);
			name = "[CP] Embed Pods Frameworks";
			outputFileListPaths = (
				"${PODS_ROOT}/Target Support Files/Pods-RxSwift_First/Pods-RxSwift_First-frameworks-${CONFIGURATION}-output-files.xcfilelist",
			);
			runOnlyForDeploymentPostprocessing = 0;
			shellPath = /bin/sh;
			shellScript = "\"${PODS_ROOT}/Target Support Files/Pods-RxSwift_First/Pods-RxSwift_First-frameworks.sh\"\n";
			showEnvVarsInLog = 0;
		};
/* End PBXShellScriptBuildPhase section */

/* Begin PBXSourcesBuildPhase section */
		F2EDAD422826B83300EE1920 /* Sources */ = {
			isa = PBXSourcesBuildPhase;
			buildActionMask = 2147483647;
			files = (
				F2EDAD542826B83300EE1920 /* RxSwift_First.xcdatamodeld in Sources */,
				F2EDAD4E2826B83300EE1920 /* ViewController.swift in Sources */,
				F2EDAD4A2826B83300EE1920 /* AppDelegate.swift in Sources */,
				F2EDAD4C2826B83300EE1920 /* SceneDelegate.swift in Sources */,
			);
			runOnlyForDeploymentPostprocessing = 0;
		};
/* End PBXSourcesBuildPhase section */

/* Begin PBXVariantGroup section */
		F2EDAD4F2826B83300EE1920 /* Main.storyboard */ = {
			isa = PBXVariantGroup;
			children = (
				F2EDAD502826B83300EE1920 /* Base */,
			);
			name = Main.storyboard;
			sourceTree = "<group>";
		};
		F2EDAD572826B83600EE1920 /* LaunchScreen.storyboard */ = {
			isa = PBXVariantGroup;
			children = (
				F2EDAD582826B83600EE1920 /* Base */,
			);
			name = LaunchScreen.storyboard;
			sourceTree = "<group>";
		};
/* End PBXVariantGroup section */

/* Begin XCBuildConfiguration section */
		F2EDAD5B2826B83600EE1920 /* Debug */ = {
			isa = XCBuildConfiguration;
			buildSettings = {
				ALWAYS_SEARCH_USER_PATHS = NO;
				CLANG_ANALYZER_NONNULL = YES;
				CLANG_ANALYZER_NUMBER_OBJECT_CONVERSION = YES_AGGRESSIVE;
				CLANG_CXX_LANGUAGE_STANDARD = "gnu++17";
				CLANG_ENABLE_MODULES = YES;
				CLANG_ENABLE_OBJC_ARC = YES;
				CLANG_ENABLE_OBJC_WEAK = YES;
				CLANG_WARN_BLOCK_CAPTURE_AUTORELEASING = YES;
				CLANG_WARN_BOOL_CONVERSION = YES;
				CLANG_WARN_COMMA = YES;
				CLANG_WARN_CONSTANT_CONVERSION = YES;
				CLANG_WARN_DEPRECATED_OBJC_IMPLEMENTATIONS = YES;
				CLANG_WARN_DIRECT_OBJC_ISA_USAGE = YES_ERROR;
				CLANG_WARN_DOCUMENTATION_COMMENTS = YES;
				CLANG_WARN_EMPTY_BODY = YES;
				CLANG_WARN_ENUM_CONVERSION = YES;
				CLANG_WARN_INFINITE_RECURSION = YES;
				CLANG_WARN_INT_CONVERSION = YES;
				CLANG_WARN_NON_LITERAL_NULL_CONVERSION = YES;
				CLANG_WARN_OBJC_IMPLICIT_RETAIN_SELF = YES;
				CLANG_WARN_OBJC_LITERAL_CONVERSION = YES;
				CLANG_WARN_OBJC_ROOT_CLASS = YES_ERROR;
				CLANG_WARN_QUOTED_INCLUDE_IN_FRAMEWORK_HEADER = YES;
				CLANG_WARN_RANGE_LOOP_ANALYSIS = YES;
				CLANG_WARN_STRICT_PROTOTYPES = YES;
				CLANG_WARN_SUSPICIOUS_MOVE = YES;
				CLANG_WARN_UNGUARDED_AVAILABILITY = YES_AGGRESSIVE;
				CLANG_WARN_UNREACHABLE_CODE = YES;
				CLANG_WARN__DUPLICATE_METHOD_MATCH = YES;
				COPY_PHASE_STRIP = NO;
				DEBUG_INFORMATION_FORMAT = dwarf;
				ENABLE_STRICT_OBJC_MSGSEND = YES;
				ENABLE_TESTABILITY = YES;
				GCC_C_LANGUAGE_STANDARD = gnu11;
				GCC_DYNAMIC_NO_PIC = NO;
				GCC_NO_COMMON_BLOCKS = YES;
				GCC_OPTIMIZATION_LEVEL = 0;
				GCC_PREPROCESSOR_DEFINITIONS = (
					"DEBUG=1",
					"$(inherited)",
				);
				GCC_WARN_64_TO_32_BIT_CONVERSION = YES;
				GCC_WARN_ABOUT_RETURN_TYPE = YES_ERROR;
				GCC_WARN_UNDECLARED_SELECTOR = YES;
				GCC_WARN_UNINITIALIZED_AUTOS = YES_AGGRESSIVE;
				GCC_WARN_UNUSED_FUNCTION = YES;
				GCC_WARN_UNUSED_VARIABLE = YES;
				IPHONEOS_DEPLOYMENT_TARGET = 15.4;
				MTL_ENABLE_DEBUG_INFO = INCLUDE_SOURCE;
				MTL_FAST_MATH = YES;
				ONLY_ACTIVE_ARCH = YES;
				SDKROOT = iphoneos;
				SWIFT_ACTIVE_COMPILATION_CONDITIONS = DEBUG;
				SWIFT_OPTIMIZATION_LEVEL = "-Onone";
			};
			name = Debug;
		};
		F2EDAD5C2826B83600EE1920 /* Release */ = {
			isa = XCBuildConfiguration;
			buildSettings = {
				ALWAYS_SEARCH_USER_PATHS = NO;
				CLANG_ANALYZER_NONNULL = YES;
				CLANG_ANALYZER_NUMBER_OBJECT_CONVERSION = YES_AGGRESSIVE;
				CLANG_CXX_LANGUAGE_STANDARD = "gnu++17";
				CLANG_ENABLE_MODULES = YES;
				CLANG_ENABLE_OBJC_ARC = YES;
				CLANG_ENABLE_OBJC_WEAK = YES;
				CLANG_WARN_BLOCK_CAPTURE_AUTORELEASING = YES;
				CLANG_WARN_BOOL_CONVERSION = YES;
				CLANG_WARN_COMMA = YES;
				CLANG_WARN_CONSTANT_CONVERSION = YES;
				CLANG_WARN_DEPRECATED_OBJC_IMPLEMENTATIONS = YES;
				CLANG_WARN_DIRECT_OBJC_ISA_USAGE = YES_ERROR;
				CLANG_WARN_DOCUMENTATION_COMMENTS = YES;
				CLANG_WARN_EMPTY_BODY = YES;
				CLANG_WARN_ENUM_CONVERSION = YES;
				CLANG_WARN_INFINITE_RECURSION = YES;
				CLANG_WARN_INT_CONVERSION = YES;
				CLANG_WARN_NON_LITERAL_NULL_CONVERSION = YES;
				CLANG_WARN_OBJC_IMPLICIT_RETAIN_SELF = YES;
				CLANG_WARN_OBJC_LITERAL_CONVERSION = YES;
				CLANG_WARN_OBJC_ROOT_CLASS = YES_ERROR;
				CLANG_WARN_QUOTED_INCLUDE_IN_FRAMEWORK_HEADER = YES;
				CLANG_WARN_RANGE_LOOP_ANALYSIS = YES;
				CLANG_WARN_STRICT_PROTOTYPES = YES;
				CLANG_WARN_SUSPICIOUS_MOVE = YES;
				CLANG_WARN_UNGUARDED_AVAILABILITY = YES_AGGRESSIVE;
				CLANG_WARN_UNREACHABLE_CODE = YES;
				CLANG_WARN__DUPLICATE_METHOD_MATCH = YES;
				COPY_PHASE_STRIP = NO;
				DEBUG_INFORMATION_FORMAT = "dwarf-with-dsym";
				ENABLE_NS_ASSERTIONS = NO;
				ENABLE_STRICT_OBJC_MSGSEND = YES;
				GCC_C_LANGUAGE_STANDARD = gnu11;
				GCC_NO_COMMON_BLOCKS = YES;
				GCC_WARN_64_TO_32_BIT_CONVERSION = YES;
				GCC_WARN_ABOUT_RETURN_TYPE = YES_ERROR;
				GCC_WARN_UNDECLARED_SELECTOR = YES;
				GCC_WARN_UNINITIALIZED_AUTOS = YES_AGGRESSIVE;
				GCC_WARN_UNUSED_FUNCTION = YES;
				GCC_WARN_UNUSED_VARIABLE = YES;
				IPHONEOS_DEPLOYMENT_TARGET = 15.4;
				MTL_ENABLE_DEBUG_INFO = NO;
				MTL_FAST_MATH = YES;
				SDKROOT = iphoneos;
				SWIFT_COMPILATION_MODE = wholemodule;
				SWIFT_OPTIMIZATION_LEVEL = "-O";
				VALIDATE_PRODUCT = YES;
			};
			name = Release;
		};
		F2EDAD5E2826B83600EE1920 /* Debug */ = {
			isa = XCBuildConfiguration;
			baseConfigurationReference = 56AEE1024212DF0336429F14 /* Pods-RxSwift_First.debug.xcconfig */;
			buildSettings = {
				ASSETCATALOG_COMPILER_APPICON_NAME = AppIcon;
				ASSETCATALOG_COMPILER_GLOBAL_ACCENT_COLOR_NAME = AccentColor;
				CODE_SIGN_STYLE = Automatic;
				CURRENT_PROJECT_VERSION = 1;
				GENERATE_INFOPLIST_FILE = YES;
				INFOPLIST_FILE = RxSwift_First/Info.plist;
				INFOPLIST_KEY_UIApplicationSupportsIndirectInputEvents = YES;
				INFOPLIST_KEY_UILaunchStoryboardName = LaunchScreen;
				INFOPLIST_KEY_UIMainStoryboardFile = Main;
				INFOPLIST_KEY_UISupportedInterfaceOrientations_iPad = "UIInterfaceOrientationPortrait UIInterfaceOrientationPortraitUpsideDown UIInterfaceOrientationLandscapeLeft UIInterfaceOrientationLandscapeRight";
				INFOPLIST_KEY_UISupportedInterfaceOrientations_iPhone = "UIInterfaceOrientationPortrait UIInterfaceOrientationLandscapeLeft UIInterfaceOrientationLandscapeRight";
				LD_RUNPATH_SEARCH_PATHS = (
					"$(inherited)",
					"@executable_path/Frameworks",
				);
				MARKETING_VERSION = 1.0;
				PRODUCT_BUNDLE_IDENTIFIER = "cpm.pnx.RxSwift-First";
				PRODUCT_NAME = "$(TARGET_NAME)";
				SWIFT_EMIT_LOC_STRINGS = YES;
				SWIFT_VERSION = 5.0;
				TARGETED_DEVICE_FAMILY = "1,2";
			};
			name = Debug;
		};
		F2EDAD5F2826B83600EE1920 /* Release */ = {
			isa = XCBuildConfiguration;
			baseConfigurationReference = CEF971AD32796C3E91AA8FAF /* Pods-RxSwift_First.release.xcconfig */;
			buildSettings = {
				ASSETCATALOG_COMPILER_APPICON_NAME = AppIcon;
				ASSETCATALOG_COMPILER_GLOBAL_ACCENT_COLOR_NAME = AccentColor;
				CODE_SIGN_STYLE = Automatic;
				CURRENT_PROJECT_VERSION = 1;
				GENERATE_INFOPLIST_FILE = YES;
				INFOPLIST_FILE = RxSwift_First/Info.plist;
				INFOPLIST_KEY_UIApplicationSupportsIndirectInputEvents = YES;
				INFOPLIST_KEY_UILaunchStoryboardName = LaunchScreen;
				INFOPLIST_KEY_UIMainStoryboardFile = Main;
				INFOPLIST_KEY_UISupportedInterfaceOrientations_iPad = "UIInterfaceOrientationPortrait UIInterfaceOrientationPortraitUpsideDown UIInterfaceOrientationLandscapeLeft UIInterfaceOrientationLandscapeRight";
				INFOPLIST_KEY_UISupportedInterfaceOrientations_iPhone = "UIInterfaceOrientationPortrait UIInterfaceOrientationLandscapeLeft UIInterfaceOrientationLandscapeRight";
				LD_RUNPATH_SEARCH_PATHS = (
					"$(inherited)",
					"@executable_path/Frameworks",
				);
				MARKETING_VERSION = 1.0;
				PRODUCT_BUNDLE_IDENTIFIER = "cpm.pnx.RxSwift-First";
				PRODUCT_NAME = "$(TARGET_NAME)";
				SWIFT_EMIT_LOC_STRINGS = YES;
				SWIFT_VERSION = 5.0;
				TARGETED_DEVICE_FAMILY = "1,2";
			};
			name = Release;
		};
/* End XCBuildConfiguration section */

/* Begin XCConfigurationList section */
		F2EDAD412826B83300EE1920 /* Build configuration list for PBXProject "RxSwift_First" */ = {
			isa = XCConfigurationList;
			buildConfigurations = (
				F2EDAD5B2826B83600EE1920 /* Debug */,
				F2EDAD5C2826B83600EE1920 /* Release */,
			);
			defaultConfigurationIsVisible = 0;
			defaultConfigurationName = Release;
		};
		F2EDAD5D2826B83600EE1920 /* Build configuration list for PBXNativeTarget "RxSwift_First" */ = {
			isa = XCConfigurationList;
			buildConfigurations = (
				F2EDAD5E2826B83600EE1920 /* Debug */,
				F2EDAD5F2826B83600EE1920 /* Release */,
			);
			defaultConfigurationIsVisible = 0;
			defaultConfigurationName = Release;
		};
/* End XCConfigurationList section */

/* Begin XCVersionGroup section */
		F2EDAD522826B83300EE1920 /* RxSwift_First.xcdatamodeld */ = {
			isa = XCVersionGroup;
			children = (
				F2EDAD532826B83300EE1920 /* RxSwift_First.xcdatamodel */,
			);
			currentVersion = F2EDAD532826B83300EE1920 /* RxSwift_First.xcdatamodel */;
			path = RxSwift_First.xcdatamodeld;
			sourceTree = "<group>";
			versionGroupType = wrapper.xcdatamodel;
		};
/* End XCVersionGroup section */
	};
	rootObject = F2EDAD3E2826B83300EE1920 /* Project object */;
}
